dependencies:
- name: base
  repository: https://istio-release.storage.googleapis.com/charts
  version: 1.30.4
- name: istiod
  repository: https://istio-release.storage.googleapis.com/charts
  version: 1.30.1
digest: sha256:203b23571b678fe083f9bca618987d4a22905c6222cde140a6d29df6b127f9ae
generated: "2026-08-27T15:05:44.133276013Z"
